# THIS IS AN AUTOGENERATED FILE. DO NOT EDIT THIS FILE DIRECTLY.
# yarn lockfile v1


highcharts@^9.0.1:
  version "9.0.1"
  resolved "https://registry.yarnpkg.com/highcharts/-/highcharts-9.0.1.tgz#49ec994a7897a96fc3e0880f49a0eca34adff6a2"
  integrity sha512-0UmcCz2RmFuqfT/Igu3h5sGnkeSqqZwfuYrTzJ/htptmJAo5SSxH62NFcTjVRk+3WstoBJmoXR0v5FVGQUzK5A==

jquery@^3.6.0:
  version "3.6.0"
  resolved "https://registry.yarnpkg.com/jquery/-/jquery-3.6.0.tgz#c72a09f15c1bdce142f49dbf1170bdf8adac2470"
  integrity sha512-JVzAR/AjBvVt2BmYhxRCSYysDsPcssdmTFnzyLEts9qNwmjmu4JTAMYubEfwVOSwpQ1I1sKKFcxhZCI2buerfw==
